
Microsoft Visual Studio Solution File, Format Version 12.00
# Visual Studio 15
VisualStudioVersion = 15.0.28307.421
MinimumVisualStudioVersion = 10.0.40219.1
Project("{FAE04EC0-301F-11D3-BF4B-00C04F79EFBC}") = "AutoMapperOnMVC", "AutoMapperOnMVC\AutoMapperOnMVC.csproj", "{B9FA2233-2785-411F-8FF7-88C542C3891E}"
EndProject
Global
	GlobalSection(SolutionConfigurationPlatforms) = preSolution
		Debug|Any CPU = Debug|Any CPU
		Release|Any CPU = Release|Any CPU
	EndGlobalSection
	GlobalSection(ProjectConfigurationPlatforms) = postSolution
		{B9FA2233-2785-411F-8FF7-88C542C3891E}.Debug|Any CPU.ActiveCfg = Debug|Any CPU
		{B9FA2233-2785-411F-8FF7-88C542C3891E}.Debug|Any CPU.Build.0 = Debug|Any CPU
		{B9FA2233-2785-411F-8FF7-88C542C3891E}.Release|Any CPU.ActiveCfg = Release|Any CPU
		{B9FA2233-2785-411F-8FF7-88C542C3891E}.Release|Any CPU.Build.0 = Release|Any CPU
	EndGlobalSection
	GlobalSection(SolutionProperties) = preSolution
		HideSolutionNode = FALSE
	EndGlobalSection
	GlobalSection(ExtensibilityGlobals) = postSolution
		SolutionGuid = {90B258F7-5810-486F-AAEA-485D71D56C83}
	EndGlobalSection
EndGlobal
